// !$*UTF8*$!
{
	archiveVersion = 1;
	classes = {
	};
	objectVersion = 56;
	objects = {

/* Begin PBXBuildFile section */
		3502CA2A2AB8FDA800A8FE50 /* TimeFormatting.swift in Sources */ = {isa = PBXBuildFile; fileRef = 3502CA292AB8FDA800A8FE50 /* TimeFormatting.swift */; };
		354ED0E82AB3BB150098583A /* CompIRLApp.swift in Sources */ = {isa = PBXBuildFile; fileRef = 354ED0E72AB3BB150098583A /* CompIRLApp.swift */; };
		354ED0EA2AB3BB150098583A /* ContentView.swift in Sources */ = {isa = PBXBuildFile; fileRef = 354ED0E92AB3BB150098583A /* ContentView.swift */; };
		354ED0EC2AB3BB160098583A /* Assets.xcassets in Resources */ = {isa = PBXBuildFile; fileRef = 354ED0EB2AB3BB160098583A /* Assets.xcassets */; };
		354ED0F02AB3BB160098583A /* Preview Assets.xcassets in Resources */ = {isa = PBXBuildFile; fileRef = 354ED0EF2AB3BB160098583A /* Preview Assets.xcassets */; };
		354ED0F92AB3BB8D0098583A /* FoodModel.xcdatamodeld in Sources */ = {isa = PBXBuildFile; fileRef = 354ED0F72AB3BB8D0098583A /* FoodModel.xcdatamodeld */; };
		354ED0FB2AB3C1B40098583A /* DataController.swift in Sources */ = {isa = PBXBuildFile; fileRef = 354ED0FA2AB3C1B40098583A /* DataController.swift */; };
		354ED1052AB521840098583A /* AddFoodView.swift in Sources */ = {isa = PBXBuildFile; fileRef = 354ED1042AB521840098583A /* AddFoodView.swift */; };
/* End PBXBuildFile section */

/* Begin PBXFileReference section */
		3502CA292AB8FDA800A8FE50 /* TimeFormatting.swift */ = {isa = PBXFileReference; lastKnownFileType = sourcecode.swift; path = TimeFormatting.swift; sourceTree = "<group>"; };
		354ED0E42AB3BB150098583A /* CompIRL.app */ = {isa = PBXFileReference; explicitFileType = wrapper.application; includeInIndex = 0; path = CompIRL.app; sourceTree = BUILT_PRODUCTS_DIR; };
		354ED0E72AB3BB150098583A /* CompIRLApp.swift */ = {isa = PBXFileReference; lastKnownFileType = sourcecode.swift; path = CompIRLApp.swift; sourceTree = "<group>"; };
		354ED0E92AB3BB150098583A /* ContentView.swift */ = {isa = PBXFileReference; lastKnownFileType = sourcecode.swift; path = ContentView.swift; sourceTree = "<group>"; };
		354ED0EB2AB3BB160098583A /* Assets.xcassets */ = {isa = PBXFileReference; lastKnownFileType = folder.assetcatalog; path = Assets.xcassets; sourceTree = "<group>"; };
		354ED0ED2AB3BB160098583A /* CompIRL.entitlements */ = {isa = PBXFileReference; lastKnownFileType = text.plist.entitlements; path = CompIRL.entitlements; sourceTree = "<group>"; };
		354ED0EF2AB3BB160098583A /* Preview Assets.xcassets */ = {isa = PBXFileReference; lastKnownFileType = folder.assetcatalog; path = "Preview Assets.xcassets"; sourceTree = "<group>"; };
		354ED0F82AB3BB8D0098583A /* CompModel.xcdatamodel */ = {isa = PBXFileReference; lastKnownFileType = wrapper.xcdatamodel; path = CompModel.xcdatamodel; sourceTree = "<group>"; };
		354ED0FA2AB3C1B40098583A /* DataController.swift */ = {isa = PBXFileReference; lastKnownFileType = sourcecode.swift; path = DataController.swift; sourceTree = "<group>"; };
		354ED1042AB521840098583A /* AddFoodView.swift */ = {isa = PBXFileReference; lastKnownFileType = sourcecode.swift; path = AddFoodView.swift; sourceTree = "<group>"; };
/* End PBXFileReference section */

/* Begin PBXFrameworksBuildPhase section */
		354ED0E12AB3BB150098583A /* Frameworks */ = {
			isa = PBXFrameworksBuildPhase;
			buildActionMask = 2147483647;
			files = (
			);
			runOnlyForDeploymentPostprocessing = 0;
		};
/* End PBXFrameworksBuildPhase section */

/* Begin PBXGroup section */
		354ED0DB2AB3BB150098583A = {
			isa = PBXGroup;
			children = (
				354ED0E62AB3BB150098583A /* CompIRL */,
				354ED0E52AB3BB150098583A /* Products */,
			);
			sourceTree = "<group>";
		};
		354ED0E52AB3BB150098583A /* Products */ = {
			isa = PBXGroup;
			children = (
				354ED0E42AB3BB150098583A /* CompIRL.app */,
			);
			name = Products;
			sourceTree = "<group>";
		};
		354ED0E62AB3BB150098583A /* CompIRL */ = {
			isa = PBXGroup;
			children = (
				354ED0F62AB3BB6D0098583A /* DataModel */,
				354ED0E72AB3BB150098583A /* CompIRLApp.swift */,
				354ED1012AB5215D0098583A /* Views */,
				354ED1032AB5216A0098583A /* Helpers */,
				354ED0EB2AB3BB160098583A /* Assets.xcassets */,
				354ED0ED2AB3BB160098583A /* CompIRL.entitlements */,
				354ED0EE2AB3BB160098583A /* Preview Content */,
			);
			path = CompIRL;
			sourceTree = "<group>";
		};
		354ED0EE2AB3BB160098583A /* Preview Content */ = {
			isa = PBXGroup;
			children = (
				354ED0EF2AB3BB160098583A /* Preview Assets.xcassets */,
			);
			path = "Preview Content";
			sourceTree = "<group>";
		};
		354ED0F62AB3BB6D0098583A /* DataModel */ = {
			isa = PBXGroup;
			children = (
				354ED0F72AB3BB8D0098583A /* FoodModel.xcdatamodeld */,
				354ED0FA2AB3C1B40098583A /* DataController.swift */,
			);
			path = DataModel;
			sourceTree = "<group>";
		};
		354ED1012AB5215D0098583A /* Views */ = {
			isa = PBXGroup;
			children = (
				354ED0E92AB3BB150098583A /* ContentView.swift */,
				354ED1042AB521840098583A /* AddFoodView.swift */,
			);
			path = Views;
			sourceTree = "<group>";
		};
		354ED1032AB5216A0098583A /* Helpers */ = {
			isa = PBXGroup;
			children = (
				3502CA292AB8FDA800A8FE50 /* TimeFormatting.swift */,
			);
			path = Helpers;
			sourceTree = "<group>";
		};
/* End PBXGroup section */

/* Begin PBXNativeTarget section */
		354ED0E32AB3BB150098583A /* CompIRL */ = {
			isa = PBXNativeTarget;
			buildConfigurationList = 354ED0F32AB3BB160098583A /* Build configuration list for PBXNativeTarget "CompIRL" */;
			buildPhases = (
				354ED0E02AB3BB150098583A /* Sources */,
				354ED0E12AB3BB150098583A /* Frameworks */,
				354ED0E22AB3BB150098583A /* Resources */,
			);
			buildRules = (
			);
			dependencies = (
			);
			name = CompIRL;
			productName = CompIRL;
			productReference = 354ED0E42AB3BB150098583A /* CompIRL.app */;
			productType = "com.apple.product-type.application";
		};
/* End PBXNativeTarget section */

/* Begin PBXProject section */
		354ED0DC2AB3BB150098583A /* Project object */ = {
			isa = PBXProject;
			attributes = {
				BuildIndependentTargetsInParallel = 1;
				LastSwiftUpdateCheck = 1430;
				LastUpgradeCheck = 1430;
				TargetAttributes = {
					354ED0E32AB3BB150098583A = {
						CreatedOnToolsVersion = 14.3.1;
					};
				};
			};
			buildConfigurationList = 354ED0DF2AB3BB150098583A /* Build configuration list for PBXProject "CompIRL" */;
			compatibilityVersion = "Xcode 14.0";
			developmentRegion = en;
			hasScannedForEncodings = 0;
			knownRegions = (
				en,
				Base,
			);
			mainGroup = 354ED0DB2AB3BB150098583A;
			productRefGroup = 354ED0E52AB3BB150098583A /* Products */;
			projectDirPath = "";
			projectRoot = "";
			targets = (
				354ED0E32AB3BB150098583A /* CompIRL */,
			);
		};
/* End PBXProject section */

/* Begin PBXResourcesBuildPhase section */
		354ED0E22AB3BB150098583A /* Resources */ = {
			isa = PBXResourcesBuildPhase;
			buildActionMask = 2147483647;
			files = (
				354ED0F02AB3BB160098583A /* Preview Assets.xcassets in Resources */,
				354ED0EC2AB3BB160098583A /* Assets.xcassets in Resources */,
			);
			runOnlyForDeploymentPostprocessing = 0;
		};
/* End PBXResourcesBuildPhase section */

/* Begin PBXSourcesBuildPhase section */
		354ED0E02AB3BB150098583A /* Sources */ = {
			isa = PBXSourcesBuildPhase;
			buildActionMask = 2147483647;
			files = (
				354ED0F92AB3BB8D0098583A /* FoodModel.xcdatamodeld in Sources */,
				354ED0FB2AB3C1B40098583A /* DataController.swift in Sources */,
				354ED1052AB521840098583A /* AddFoodView.swift in Sources */,
				354ED0EA2AB3BB150098583A /* ContentView.swift in Sources */,
				354ED0E82AB3BB150098583A /* CompIRLApp.swift in Sources */,
				3502CA2A2AB8FDA800A8FE50 /* TimeFormatting.swift in Sources */,
			);
			runOnlyForDeploymentPostprocessing = 0;
		};
/* End PBXSourcesBuildPhase section */

/* Begin XCBuildConfiguration section */
		354ED0F12AB3BB160098583A /* Debug */ = {
			isa = XCBuildConfiguration;
			buildSettings = {
				ALWAYS_SEARCH_USER_PATHS = NO;
				CLANG_ANALYZER_NONNULL = YES;
				CLANG_ANALYZER_NUMBER_OBJECT_CONVERSION = YES_AGGRESSIVE;
				CLANG_CXX_LANGUAGE_STANDARD = "gnu++20";
				CLANG_ENABLE_MODULES = YES;
				CLANG_ENABLE_OBJC_ARC = YES;
				CLANG_ENABLE_OBJC_WEAK = YES;
				CLANG_WARN_BLOCK_CAPTURE_AUTORELEASING = YES;
				CLANG_WARN_BOOL_CONVERSION = YES;
				CLANG_WARN_COMMA = YES;
				CLANG_WARN_CONSTANT_CONVERSION = YES;
				CLANG_WARN_DEPRECATED_OBJC_IMPLEMENTATIONS = YES;
				CLANG_WARN_DIRECT_OBJC_ISA_USAGE = YES_ERROR;
				CLANG_WARN_DOCUMENTATION_COMMENTS = YES;
				CLANG_WARN_EMPTY_BODY = YES;
				CLANG_WARN_ENUM_CONVERSION = YES;
				CLANG_WARN_INFINITE_RECURSION = YES;
				CLANG_WARN_INT_CONVERSION = YES;
				CLANG_WARN_NON_LITERAL_NULL_CONVERSION = YES;
				CLANG_WARN_OBJC_IMPLICIT_RETAIN_SELF = YES;
				CLANG_WARN_OBJC_LITERAL_CONVERSION = YES;
				CLANG_WARN_OBJC_ROOT_CLASS = YES_ERROR;
				CLANG_WARN_QUOTED_INCLUDE_IN_FRAMEWORK_HEADER = YES;
				CLANG_WARN_RANGE_LOOP_ANALYSIS = YES;
				CLANG_WARN_STRICT_PROTOTYPES = YES;
				CLANG_WARN_SUSPICIOUS_MOVE = YES;
				CLANG_WARN_UNGUARDED_AVAILABILITY = YES_AGGRESSIVE;
				CLANG_WARN_UNREACHABLE_CODE = YES;
				CLANG_WARN__DUPLICATE_METHOD_MATCH = YES;
				COPY_PHASE_STRIP = NO;
				DEBUG_INFORMATION_FORMAT = dwarf;
				ENABLE_STRICT_OBJC_MSGSEND = YES;
				ENABLE_TESTABILITY = YES;
				GCC_C_LANGUAGE_STANDARD = gnu11;
				GCC_DYNAMIC_NO_PIC = NO;
				GCC_NO_COMMON_BLOCKS = YES;
				GCC_OPTIMIZATION_LEVEL = 0;
				GCC_PREPROCESSOR_DEFINITIONS = (
					"DEBUG=1",
					"$(inherited)",
				);
				GCC_WARN_64_TO_32_BIT_CONVERSION = YES;
				GCC_WARN_ABOUT_RETURN_TYPE = YES_ERROR;
				GCC_WARN_UNDECLARED_SELECTOR = YES;
				GCC_WARN_UNINITIALIZED_AUTOS = YES_AGGRESSIVE;
				GCC_WARN_UNUSED_FUNCTION = YES;
				GCC_WARN_UNUSED_VARIABLE = YES;
				MTL_ENABLE_DEBUG_INFO = INCLUDE_SOURCE;
				MTL_FAST_MATH = YES;
				ONLY_ACTIVE_ARCH = YES;
				SWIFT_ACTIVE_COMPILATION_CONDITIONS = DEBUG;
				SWIFT_OPTIMIZATION_LEVEL = "-Onone";
			};
			name = Debug;
		};
		354ED0F22AB3BB160098583A /* Release */ = {
			isa = XCBuildConfiguration;
			buildSettings = {
				ALWAYS_SEARCH_USER_PATHS = NO;
				CLANG_ANALYZER_NONNULL = YES;
				CLANG_ANALYZER_NUMBER_OBJECT_CONVERSION = YES_AGGRESSIVE;
				CLANG_CXX_LANGUAGE_STANDARD = "gnu++20";
				CLANG_ENABLE_MODULES = YES;
				CLANG_ENABLE_OBJC_ARC = YES;
				CLANG_ENABLE_OBJC_WEAK = YES;
				CLANG_WARN_BLOCK_CAPTURE_AUTORELEASING = YES;
				CLANG_WARN_BOOL_CONVERSION = YES;
				CLANG_WARN_COMMA = YES;
				CLANG_WARN_CONSTANT_CONVERSION = YES;
				CLANG_WARN_DEPRECATED_OBJC_IMPLEMENTATIONS = YES;
				CLANG_WARN_DIRECT_OBJC_ISA_USAGE = YES_ERROR;
				CLANG_WARN_DOCUMENTATION_COMMENTS = YES;
				CLANG_WARN_EMPTY_BODY = YES;
				CLANG_WARN_ENUM_CONVERSION = YES;
				CLANG_WARN_INFINITE_RECURSION = YES;
				CLANG_WARN_INT_CONVERSION = YES;
				CLANG_WARN_NON_LITERAL_NULL_CONVERSION = YES;
				CLANG_WARN_OBJC_IMPLICIT_RETAIN_SELF = YES;
				CLANG_WARN_OBJC_LITERAL_CONVERSION = YES;
				CLANG_WARN_OBJC_ROOT_CLASS = YES_ERROR;
				CLANG_WARN_QUOTED_INCLUDE_IN_FRAMEWORK_HEADER = YES;
				CLANG_WARN_RANGE_LOOP_ANALYSIS = YES;
				CLANG_WARN_STRICT_PROTOTYPES = YES;
				CLANG_WARN_SUSPICIOUS_MOVE = YES;
				CLANG_WARN_UNGUARDED_AVAILABILITY = YES_AGGRESSIVE;
				CLANG_WARN_UNREACHABLE_CODE = YES;
				CLANG_WARN__DUPLICATE_METHOD_MATCH = YES;
				COPY_PHASE_STRIP = NO;
				DEBUG_INFORMATION_FORMAT = "dwarf-with-dsym";
				ENABLE_NS_ASSERTIONS = NO;
				ENABLE_STRICT_OBJC_MSGSEND = YES;
				GCC_C_LANGUAGE_STANDARD = gnu11;
				GCC_NO_COMMON_BLOCKS = YES;
				GCC_WARN_64_TO_32_BIT_CONVERSION = YES;
				GCC_WARN_ABOUT_RETURN_TYPE = YES_ERROR;
				GCC_WARN_UNDECLARED_SELECTOR = YES;
				GCC_WARN_UNINITIALIZED_AUTOS = YES_AGGRESSIVE;
				GCC_WARN_UNUSED_FUNCTION = YES;
				GCC_WARN_UNUSED_VARIABLE = YES;
				MTL_ENABLE_DEBUG_INFO = NO;
				MTL_FAST_MATH = YES;
				SWIFT_COMPILATION_MODE = wholemodule;
				SWIFT_OPTIMIZATION_LEVEL = "-O";
			};
			name = Release;
		};
		354ED0F42AB3BB160098583A /* Debug */ = {
			isa = XCBuildConfiguration;
			buildSettings = {
				ASSETCATALOG_COMPILER_APPICON_NAME = AppIcon;
				ASSETCATALOG_COMPILER_GLOBAL_ACCENT_COLOR_NAME = AccentColor;
				CODE_SIGN_ENTITLEMENTS = CompIRL/CompIRL.entitlements;
				CODE_SIGN_STYLE = Automatic;
				CURRENT_PROJECT_VERSION = 1;
				DEVELOPMENT_ASSET_PATHS = "\"CompIRL/Preview Content\"";
				ENABLE_PREVIEWS = YES;
				GENERATE_INFOPLIST_FILE = YES;
				"INFOPLIST_KEY_UIApplicationSceneManifest_Generation[sdk=iphoneos*]" = YES;
				"INFOPLIST_KEY_UIApplicationSceneManifest_Generation[sdk=iphonesimulator*]" = YES;
				"INFOPLIST_KEY_UIApplicationSupportsIndirectInputEvents[sdk=iphoneos*]" = YES;
				"INFOPLIST_KEY_UIApplicationSupportsIndirectInputEvents[sdk=iphonesimulator*]" = YES;
				"INFOPLIST_KEY_UILaunchScreen_Generation[sdk=iphoneos*]" = YES;
				"INFOPLIST_KEY_UILaunchScreen_Generation[sdk=iphonesimulator*]" = YES;
				"INFOPLIST_KEY_UIStatusBarStyle[sdk=iphoneos*]" = UIStatusBarStyleDefault;
				"INFOPLIST_KEY_UIStatusBarStyle[sdk=iphonesimulator*]" = UIStatusBarStyleDefault;
				INFOPLIST_KEY_UISupportedInterfaceOrientations_iPad = "UIInterfaceOrientationPortrait UIInterfaceOrientationPortraitUpsideDown UIInterfaceOrientationLandscapeLeft UIInterfaceOrientationLandscapeRight";
				INFOPLIST_KEY_UISupportedInterfaceOrientations_iPhone = "UIInterfaceOrientationPortrait UIInterfaceOrientationLandscapeLeft UIInterfaceOrientationLandscapeRight";
				IPHONEOS_DEPLOYMENT_TARGET = 16.4;
				LD_RUNPATH_SEARCH_PATHS = "@executable_path/Frameworks";
				"LD_RUNPATH_SEARCH_PATHS[sdk=macosx*]" = "@executable_path/../Frameworks";
				MACOSX_DEPLOYMENT_TARGET = 13.3;
				MARKETING_VERSION = 1.0;
				PRODUCT_BUNDLE_IDENTIFIER = "Apple-Academy.CompIRL";
				PRODUCT_NAME = "$(TARGET_NAME)";
				SDKROOT = auto;
				SUPPORTED_PLATFORMS = "iphoneos iphonesimulator macosx";
				SWIFT_EMIT_LOC_STRINGS = YES;
				SWIFT_VERSION = 5.0;
				TARGETED_DEVICE_FAMILY = "1,2";
			};
			name = Debug;
		};
		354ED0F52AB3BB160098583A /* Release */ = {
			isa = XCBuildConfiguration;
			buildSettings = {
				ASSETCATALOG_COMPILER_APPICON_NAME = AppIcon;
				ASSETCATALOG_COMPILER_GLOBAL_ACCENT_COLOR_NAME = AccentColor;
				CODE_SIGN_ENTITLEMENTS = CompIRL/CompIRL.entitlements;
				CODE_SIGN_STYLE = Automatic;
				CURRENT_PROJECT_VERSION = 1;
				DEVELOPMENT_ASSET_PATHS = "\"CompIRL/Preview Content\"";
				ENABLE_PREVIEWS = YES;
				GENERATE_INFOPLIST_FILE = YES;
				"INFOPLIST_KEY_UIApplicationSceneManifest_Generation[sdk=iphoneos*]" = YES;
				"INFOPLIST_KEY_UIApplicationSceneManifest_Generation[sdk=iphonesimulator*]" = YES;
				"INFOPLIST_KEY_UIApplicationSupportsIndirectInputEvents[sdk=iphoneos*]" = YES;
				"INFOPLIST_KEY_UIApplicationSupportsIndirectInputEvents[sdk=iphonesimulator*]" = YES;
				"INFOPLIST_KEY_UILaunchScreen_Generation[sdk=iphoneos*]" = YES;
				"INFOPLIST_KEY_UILaunchScreen_Generation[sdk=iphonesimulator*]" = YES;
				"INFOPLIST_KEY_UIStatusBarStyle[sdk=iphoneos*]" = UIStatusBarStyleDefault;
				"INFOPLIST_KEY_UIStatusBarStyle[sdk=iphonesimulator*]" = UIStatusBarStyleDefault;
				INFOPLIST_KEY_UISupportedInterfaceOrientations_iPad = "UIInterfaceOrientationPortrait UIInterfaceOrientationPortraitUpsideDown UIInterfaceOrientationLandscapeLeft UIInterfaceOrientationLandscapeRight";
				INFOPLIST_KEY_UISupportedInterfaceOrientations_iPhone = "UIInterfaceOrientationPortrait UIInterfaceOrientationLandscapeLeft UIInterfaceOrientationLandscapeRight";
				IPHONEOS_DEPLOYMENT_TARGET = 16.4;
				LD_RUNPATH_SEARCH_PATHS = "@executable_path/Frameworks";
				"LD_RUNPATH_SEARCH_PATHS[sdk=macosx*]" = "@executable_path/../Frameworks";
				MACOSX_DEPLOYMENT_TARGET = 13.3;
				MARKETING_VERSION = 1.0;
				PRODUCT_BUNDLE_IDENTIFIER = "Apple-Academy.CompIRL";
				PRODUCT_NAME = "$(TARGET_NAME)";
				SDKROOT = auto;
				SUPPORTED_PLATFORMS = "iphoneos iphonesimulator macosx";
				SWIFT_EMIT_LOC_STRINGS = YES;
				SWIFT_VERSION = 5.0;
				TARGETED_DEVICE_FAMILY = "1,2";
			};
			name = Release;
		};
/* End XCBuildConfiguration section */

/* Begin XCConfigurationList section */
		354ED0DF2AB3BB150098583A /* Build configuration list for PBXProject "CompIRL" */ = {
			isa = XCConfigurationList;
			buildConfigurations = (
				354ED0F12AB3BB160098583A /* Debug */,
				354ED0F22AB3BB160098583A /* Release */,
			);
			defaultConfigurationIsVisible = 0;
			defaultConfigurationName = Release;
		};
		354ED0F32AB3BB160098583A /* Build configuration list for PBXNativeTarget "CompIRL" */ = {
			isa = XCConfigurationList;
			buildConfigurations = (
				354ED0F42AB3BB160098583A /* Debug */,
				354ED0F52AB3BB160098583A /* Release */,
			);
			defaultConfigurationIsVisible = 0;
			defaultConfigurationName = Release;
		};
/* End XCConfigurationList section */

/* Begin XCVersionGroup section */
		354ED0F72AB3BB8D0098583A /* FoodModel.xcdatamodeld */ = {
			isa = XCVersionGroup;
			children = (
				354ED0F82AB3BB8D0098583A /* CompModel.xcdatamodel */,
			);
			currentVersion = 354ED0F82AB3BB8D0098583A /* CompModel.xcdatamodel */;
			path = FoodModel.xcdatamodeld;
			sourceTree = "<group>";
			versionGroupType = wrapper.xcdatamodel;
		};
/* End XCVersionGroup section */
	};
	rootObject = 354ED0DC2AB3BB150098583A /* Project object */;
}
